// !$*UTF8*$!
{
	archiveVersion = 1;
	classes = {
	};
	objectVersion = 46;
	objects = {

/* Begin PBXBuildFile section */
		0F456DC4155B466300B78C28 /* nedry.gif in Resources */ = {isa = PBXBuildFile; fileRef = 0F456DC3155B466300B78C28 /* nedry.gif */; };
		0F456DC9155B481600B78C28 /* correctamundo.jpg in Resources */ = {isa = PBXBuildFile; fileRef = 0F456DC8155B481600B78C28 /* correctamundo.jpg */; };
		0F456DCE155B527900B78C28 /* MusicAnswers.m in Sources */ = {isa = PBXBuildFile; fileRef = 0F456DCD155B527900B78C28 /* MusicAnswers.m */; };
		0F456DD0155B5CFC00B78C28 /* MediaPlayer.framework in Frameworks */ = {isa = PBXBuildFile; fileRef = 0F456DCF155B5CFC00B78C28 /* MediaPlayer.framework */; };
		0F456DD3155B5DF100B78C28 /* TheatreViewController.m in Sources */ = {isa = PBXBuildFile; fileRef = 0F456DD2155B5DF100B78C28 /* TheatreViewController.m */; };
		0F456DD6155B5E9200B78C28 /* TheatreView.m in Sources */ = {isa = PBXBuildFile; fileRef = 0F456DD5155B5E9100B78C28 /* TheatreView.m */; };
		0F456DDC155B739F00B78C28 /* TheatreResultView.m in Sources */ = {isa = PBXBuildFile; fileRef = 0F456DDB155B739F00B78C28 /* TheatreResultView.m */; };
		0F456DDE155B75C700B78C28 /* avenueq.jpg in Resources */ = {isa = PBXBuildFile; fileRef = 0F456DDD155B75C700B78C28 /* avenueq.jpg */; };
		0F456DE1155B7EE100B78C28 /* spring-awakening.jpg in Resources */ = {isa = PBXBuildFile; fileRef = 0F456DDF155B7EE100B78C28 /* spring-awakening.jpg */; };
		0F456DE2155B7EE100B78C28 /* wicked.jpg in Resources */ = {isa = PBXBuildFile; fileRef = 0F456DE0155B7EE100B78C28 /* wicked.jpg */; };
		0F456DE4155B830D00B78C28 /* philadelphia.jpg in Resources */ = {isa = PBXBuildFile; fileRef = 0F456DE3155B830D00B78C28 /* philadelphia.jpg */; };
		0F456DE7155B848100B78C28 /* HelpViewController.m in Sources */ = {isa = PBXBuildFile; fileRef = 0F456DE6155B848100B78C28 /* HelpViewController.m */; };
		0F456DEA155B84D100B78C28 /* HelpView.m in Sources */ = {isa = PBXBuildFile; fileRef = 0F456DE9155B84D000B78C28 /* HelpView.m */; };
		0F456DEC155B8B8500B78C28 /* quiz.png in Resources */ = {isa = PBXBuildFile; fileRef = 0F456DEB155B8B8500B78C28 /* quiz.png */; };
		0F89B28D155ACB71001754A8 /* movies.png in Resources */ = {isa = PBXBuildFile; fileRef = 0F89B28C155ACB71001754A8 /* movies.png */; };
		0F89B28F155ACBA5001754A8 /* tv.png in Resources */ = {isa = PBXBuildFile; fileRef = 0F89B28E155ACBA5001754A8 /* tv.png */; };
		0F89B291155ACBDA001754A8 /* music.png in Resources */ = {isa = PBXBuildFile; fileRef = 0F89B290155ACBDA001754A8 /* music.png */; };
		0F89B293155ACC12001754A8 /* book.png in Resources */ = {isa = PBXBuildFile; fileRef = 0F89B292155ACC12001754A8 /* book.png */; };
		0F89B299155ACD24001754A8 /* theatre.png in Resources */ = {isa = PBXBuildFile; fileRef = 0F89B298155ACD24001754A8 /* theatre.png */; };
		0FF8E49E155B0CC3002C37A3 /* MovieViewController.m in Sources */ = {isa = PBXBuildFile; fileRef = 0FF8E49D155B0CC3002C37A3 /* MovieViewController.m */; };
		0FF8E4A1155B0D91002C37A3 /* MovieView.m in Sources */ = {isa = PBXBuildFile; fileRef = 0FF8E4A0155B0D91002C37A3 /* MovieView.m */; };
		0FF8E4A4155B0F8F002C37A3 /* MusicViewController.m in Sources */ = {isa = PBXBuildFile; fileRef = 0FF8E4A3155B0F8F002C37A3 /* MusicViewController.m */; };
		0FF8E4A7155B0FE2002C37A3 /* MusicView.m in Sources */ = {isa = PBXBuildFile; fileRef = 0FF8E4A6155B0FE2002C37A3 /* MusicView.m */; };
		0FF8E4AA155B23FD002C37A3 /* MusicAnswerView.m in Sources */ = {isa = PBXBuildFile; fileRef = 0FF8E4A9155B23FD002C37A3 /* MusicAnswerView.m */; };
		0FFA2004155557ED0084CC30 /* UIKit.framework in Frameworks */ = {isa = PBXBuildFile; fileRef = 0FFA2003155557ED0084CC30 /* UIKit.framework */; };
		0FFA2006155557ED0084CC30 /* Foundation.framework in Frameworks */ = {isa = PBXBuildFile; fileRef = 0FFA2005155557ED0084CC30 /* Foundation.framework */; };
		0FFA2008155557ED0084CC30 /* CoreGraphics.framework in Frameworks */ = {isa = PBXBuildFile; fileRef = 0FFA2007155557ED0084CC30 /* CoreGraphics.framework */; };
		0FFA200E155557ED0084CC30 /* InfoPlist.strings in Resources */ = {isa = PBXBuildFile; fileRef = 0FFA200C155557ED0084CC30 /* InfoPlist.strings */; };
		0FFA2010155557ED0084CC30 /* main.m in Sources */ = {isa = PBXBuildFile; fileRef = 0FFA200F155557ED0084CC30 /* main.m */; };
		0FFA2014155557ED0084CC30 /* May10AppDelegate.m in Sources */ = {isa = PBXBuildFile; fileRef = 0FFA2013155557ED0084CC30 /* May10AppDelegate.m */; };
/* End PBXBuildFile section */

/* Begin PBXFileReference section */
		0F456DC3155B466300B78C28 /* nedry.gif */ = {isa = PBXFileReference; lastKnownFileType = image.gif; path = nedry.gif; sourceTree = SOURCE_ROOT; };
		0F456DC8155B481600B78C28 /* correctamundo.jpg */ = {isa = PBXFileReference; lastKnownFileType = image.jpeg; path = correctamundo.jpg; sourceTree = SOURCE_ROOT; };
		0F456DCC155B527900B78C28 /* MusicAnswers.h */ = {isa = PBXFileReference; fileEncoding = 4; lastKnownFileType = sourcecode.c.h; path = MusicAnswers.h; sourceTree = "<group>"; };
		0F456DCD155B527900B78C28 /* MusicAnswers.m */ = {isa = PBXFileReference; fileEncoding = 4; lastKnownFileType = sourcecode.c.objc; path = MusicAnswers.m; sourceTree = "<group>"; };
		0F456DCF155B5CFC00B78C28 /* MediaPlayer.framework */ = {isa = PBXFileReference; lastKnownFileType = wrapper.framework; name = MediaPlayer.framework; path = System/Library/Frameworks/MediaPlayer.framework; sourceTree = SDKROOT; };
		0F456DD1155B5DF100B78C28 /* TheatreViewController.h */ = {isa = PBXFileReference; fileEncoding = 4; lastKnownFileType = sourcecode.c.h; path = TheatreViewController.h; sourceTree = "<group>"; };
		0F456DD2155B5DF100B78C28 /* TheatreViewController.m */ = {isa = PBXFileReference; fileEncoding = 4; lastKnownFileType = sourcecode.c.objc; path = TheatreViewController.m; sourceTree = "<group>"; };
		0F456DD4155B5E9100B78C28 /* TheatreView.h */ = {isa = PBXFileReference; fileEncoding = 4; lastKnownFileType = sourcecode.c.h; path = TheatreView.h; sourceTree = "<group>"; };
		0F456DD5155B5E9100B78C28 /* TheatreView.m */ = {isa = PBXFileReference; fileEncoding = 4; lastKnownFileType = sourcecode.c.objc; path = TheatreView.m; sourceTree = "<group>"; };
		0F456DDA155B739E00B78C28 /* TheatreResultView.h */ = {isa = PBXFileReference; fileEncoding = 4; lastKnownFileType = sourcecode.c.h; path = TheatreResultView.h; sourceTree = "<group>"; };
		0F456DDB155B739F00B78C28 /* TheatreResultView.m */ = {isa = PBXFileReference; fileEncoding = 4; lastKnownFileType = sourcecode.c.objc; path = TheatreResultView.m; sourceTree = "<group>"; };
		0F456DDD155B75C700B78C28 /* avenueq.jpg */ = {isa = PBXFileReference; lastKnownFileType = image.jpeg; path = avenueq.jpg; sourceTree = SOURCE_ROOT; };
		0F456DDF155B7EE100B78C28 /* spring-awakening.jpg */ = {isa = PBXFileReference; lastKnownFileType = image.jpeg; path = "spring-awakening.jpg"; sourceTree = SOURCE_ROOT; };
		0F456DE0155B7EE100B78C28 /* wicked.jpg */ = {isa = PBXFileReference; lastKnownFileType = image.jpeg; path = wicked.jpg; sourceTree = SOURCE_ROOT; };
		0F456DE3155B830D00B78C28 /* philadelphia.jpg */ = {isa = PBXFileReference; lastKnownFileType = image.jpeg; path = philadelphia.jpg; sourceTree = SOURCE_ROOT; };
		0F456DE5155B848100B78C28 /* HelpViewController.h */ = {isa = PBXFileReference; fileEncoding = 4; lastKnownFileType = sourcecode.c.h; path = HelpViewController.h; sourceTree = "<group>"; };
		0F456DE6155B848100B78C28 /* HelpViewController.m */ = {isa = PBXFileReference; fileEncoding = 4; lastKnownFileType = sourcecode.c.objc; path = HelpViewController.m; sourceTree = "<group>"; };
		0F456DE8155B84D000B78C28 /* HelpView.h */ = {isa = PBXFileReference; fileEncoding = 4; lastKnownFileType = sourcecode.c.h; path = HelpView.h; sourceTree = "<group>"; };
		0F456DE9155B84D000B78C28 /* HelpView.m */ = {isa = PBXFileReference; fileEncoding = 4; lastKnownFileType = sourcecode.c.objc; path = HelpView.m; sourceTree = "<group>"; };
		0F456DEB155B8B8500B78C28 /* quiz.png */ = {isa = PBXFileReference; lastKnownFileType = image.png; path = quiz.png; sourceTree = SOURCE_ROOT; };
		0F89B28C155ACB71001754A8 /* movies.png */ = {isa = PBXFileReference; lastKnownFileType = image.png; path = movies.png; sourceTree = SOURCE_ROOT; };
		0F89B28E155ACBA5001754A8 /* tv.png */ = {isa = PBXFileReference; lastKnownFileType = image.png; path = tv.png; sourceTree = SOURCE_ROOT; };
		0F89B290155ACBDA001754A8 /* music.png */ = {isa = PBXFileReference; lastKnownFileType = image.png; path = music.png; sourceTree = SOURCE_ROOT; };
		0F89B292155ACC12001754A8 /* book.png */ = {isa = PBXFileReference; lastKnownFileType = image.png; path = book.png; sourceTree = SOURCE_ROOT; };
		0F89B298155ACD24001754A8 /* theatre.png */ = {isa = PBXFileReference; lastKnownFileType = image.png; path = theatre.png; sourceTree = SOURCE_ROOT; };
		0FF8E49C155B0CC3002C37A3 /* MovieViewController.h */ = {isa = PBXFileReference; fileEncoding = 4; lastKnownFileType = sourcecode.c.h; path = MovieViewController.h; sourceTree = "<group>"; };
		0FF8E49D155B0CC3002C37A3 /* MovieViewController.m */ = {isa = PBXFileReference; fileEncoding = 4; lastKnownFileType = sourcecode.c.objc; path = MovieViewController.m; sourceTree = "<group>"; };
		0FF8E49F155B0D91002C37A3 /* MovieView.h */ = {isa = PBXFileReference; fileEncoding = 4; lastKnownFileType = sourcecode.c.h; path = MovieView.h; sourceTree = "<group>"; };
		0FF8E4A0155B0D91002C37A3 /* MovieView.m */ = {isa = PBXFileReference; fileEncoding = 4; lastKnownFileType = sourcecode.c.objc; path = MovieView.m; sourceTree = "<group>"; };
		0FF8E4A2155B0F8F002C37A3 /* MusicViewController.h */ = {isa = PBXFileReference; fileEncoding = 4; lastKnownFileType = sourcecode.c.h; path = MusicViewController.h; sourceTree = "<group>"; };
		0FF8E4A3155B0F8F002C37A3 /* MusicViewController.m */ = {isa = PBXFileReference; fileEncoding = 4; lastKnownFileType = sourcecode.c.objc; path = MusicViewController.m; sourceTree = "<group>"; };
		0FF8E4A5155B0FE2002C37A3 /* MusicView.h */ = {isa = PBXFileReference; fileEncoding = 4; lastKnownFileType = sourcecode.c.h; path = MusicView.h; sourceTree = "<group>"; };
		0FF8E4A6155B0FE2002C37A3 /* MusicView.m */ = {isa = PBXFileReference; fileEncoding = 4; lastKnownFileType = sourcecode.c.objc; path = MusicView.m; sourceTree = "<group>"; };
		0FF8E4A8155B23FD002C37A3 /* MusicAnswerView.h */ = {isa = PBXFileReference; fileEncoding = 4; lastKnownFileType = sourcecode.c.h; path = MusicAnswerView.h; sourceTree = "<group>"; };
		0FF8E4A9155B23FD002C37A3 /* MusicAnswerView.m */ = {isa = PBXFileReference; fileEncoding = 4; lastKnownFileType = sourcecode.c.objc; path = MusicAnswerView.m; sourceTree = "<group>"; };
		0FFA1FFF155557ED0084CC30 /* May10.app */ = {isa = PBXFileReference; explicitFileType = wrapper.application; includeInIndex = 0; path = May10.app; sourceTree = BUILT_PRODUCTS_DIR; };
		0FFA2003155557ED0084CC30 /* UIKit.framework */ = {isa = PBXFileReference; lastKnownFileType = wrapper.framework; name = UIKit.framework; path = System/Library/Frameworks/UIKit.framework; sourceTree = SDKROOT; };
		0FFA2005155557ED0084CC30 /* Foundation.framework */ = {isa = PBXFileReference; lastKnownFileType = wrapper.framework; name = Foundation.framework; path = System/Library/Frameworks/Foundation.framework; sourceTree = SDKROOT; };
		0FFA2007155557ED0084CC30 /* CoreGraphics.framework */ = {isa = PBXFileReference; lastKnownFileType = wrapper.framework; name = CoreGraphics.framework; path = System/Library/Frameworks/CoreGraphics.framework; sourceTree = SDKROOT; };
		0FFA200B155557ED0084CC30 /* May10-Info.plist */ = {isa = PBXFileReference; lastKnownFileType = text.plist.xml; path = "May10-Info.plist"; sourceTree = "<group>"; };
		0FFA200D155557ED0084CC30 /* en */ = {isa = PBXFileReference; lastKnownFileType = text.plist.strings; name = en; path = en.lproj/InfoPlist.strings; sourceTree = "<group>"; };
		0FFA200F155557ED0084CC30 /* main.m */ = {isa = PBXFileReference; lastKnownFileType = sourcecode.c.objc; path = main.m; sourceTree = "<group>"; };
		0FFA2011155557ED0084CC30 /* May10-Prefix.pch */ = {isa = PBXFileReference; lastKnownFileType = sourcecode.c.h; path = "May10-Prefix.pch"; sourceTree = "<group>"; };
		0FFA2012155557ED0084CC30 /* May10AppDelegate.h */ = {isa = PBXFileReference; lastKnownFileType = sourcecode.c.h; path = May10AppDelegate.h; sourceTree = "<group>"; };
		0FFA2013155557ED0084CC30 /* May10AppDelegate.m */ = {isa = PBXFileReference; lastKnownFileType = sourcecode.c.objc; path = May10AppDelegate.m; sourceTree = "<group>"; };
/* End PBXFileReference section */

/* Begin PBXFrameworksBuildPhase section */
		0FFA1FFC155557ED0084CC30 /* Frameworks */ = {
			isa = PBXFrameworksBuildPhase;
			buildActionMask = 2147483647;
			files = (
				0F456DD0155B5CFC00B78C28 /* MediaPlayer.framework in Frameworks */,
				0FFA2004155557ED0084CC30 /* UIKit.framework in Frameworks */,
				0FFA2006155557ED0084CC30 /* Foundation.framework in Frameworks */,
				0FFA2008155557ED0084CC30 /* CoreGraphics.framework in Frameworks */,
			);
			runOnlyForDeploymentPostprocessing = 0;
		};
/* End PBXFrameworksBuildPhase section */

/* Begin PBXGroup section */
		0FFA1FF4155557ED0084CC30 = {
			isa = PBXGroup;
			children = (
				0FFA2009155557ED0084CC30 /* May10 */,
				0FFA2002155557ED0084CC30 /* Frameworks */,
				0FFA2000155557ED0084CC30 /* Products */,
			);
			sourceTree = "<group>";
		};
		0FFA2000155557ED0084CC30 /* Products */ = {
			isa = PBXGroup;
			children = (
				0FFA1FFF155557ED0084CC30 /* May10.app */,
			);
			name = Products;
			sourceTree = "<group>";
		};
		0FFA2002155557ED0084CC30 /* Frameworks */ = {
			isa = PBXGroup;
			children = (
				0F456DCF155B5CFC00B78C28 /* MediaPlayer.framework */,
				0FFA2003155557ED0084CC30 /* UIKit.framework */,
				0FFA2005155557ED0084CC30 /* Foundation.framework */,
				0FFA2007155557ED0084CC30 /* CoreGraphics.framework */,
			);
			name = Frameworks;
			sourceTree = "<group>";
		};
		0FFA2009155557ED0084CC30 /* May10 */ = {
			isa = PBXGroup;
			children = (
				0FFA2012155557ED0084CC30 /* May10AppDelegate.h */,
				0FFA2013155557ED0084CC30 /* May10AppDelegate.m */,
				0FF8E49C155B0CC3002C37A3 /* MovieViewController.h */,
				0FF8E49D155B0CC3002C37A3 /* MovieViewController.m */,
				0FF8E49F155B0D91002C37A3 /* MovieView.h */,
				0FF8E4A0155B0D91002C37A3 /* MovieView.m */,
				0F456DE5155B848100B78C28 /* HelpViewController.h */,
				0F456DE6155B848100B78C28 /* HelpViewController.m */,
				0F456DE8155B84D000B78C28 /* HelpView.h */,
				0F456DE9155B84D000B78C28 /* HelpView.m */,
				0FF8E4A2155B0F8F002C37A3 /* MusicViewController.h */,
				0FF8E4A3155B0F8F002C37A3 /* MusicViewController.m */,
				0FF8E4A5155B0FE2002C37A3 /* MusicView.h */,
				0FF8E4A6155B0FE2002C37A3 /* MusicView.m */,
				0FF8E4A8155B23FD002C37A3 /* MusicAnswerView.h */,
				0FF8E4A9155B23FD002C37A3 /* MusicAnswerView.m */,
				0F456DCC155B527900B78C28 /* MusicAnswers.h */,
				0F456DCD155B527900B78C28 /* MusicAnswers.m */,
				0F456DD1155B5DF100B78C28 /* TheatreViewController.h */,
				0F456DD2155B5DF100B78C28 /* TheatreViewController.m */,
				0F456DD4155B5E9100B78C28 /* TheatreView.h */,
				0F456DD5155B5E9100B78C28 /* TheatreView.m */,
				0F456DDA155B739E00B78C28 /* TheatreResultView.h */,
				0F456DDB155B739F00B78C28 /* TheatreResultView.m */,
				0FFA200A155557ED0084CC30 /* Supporting Files */,
			);
			path = May10;
			sourceTree = "<group>";
		};
		0FFA200A155557ED0084CC30 /* Supporting Files */ = {
			isa = PBXGroup;
			children = (
				0F456DEB155B8B8500B78C28 /* quiz.png */,
				0F456DE3155B830D00B78C28 /* philadelphia.jpg */,
				0F456DDF155B7EE100B78C28 /* spring-awakening.jpg */,
				0F456DE0155B7EE100B78C28 /* wicked.jpg */,
				0F456DDD155B75C700B78C28 /* avenueq.jpg */,
				0F456DC8155B481600B78C28 /* correctamundo.jpg */,
				0F456DC3155B466300B78C28 /* nedry.gif */,
				0F89B298155ACD24001754A8 /* theatre.png */,
				0F89B292155ACC12001754A8 /* book.png */,
				0F89B290155ACBDA001754A8 /* music.png */,
				0F89B28E155ACBA5001754A8 /* tv.png */,
				0F89B28C155ACB71001754A8 /* movies.png */,
				0FFA200B155557ED0084CC30 /* May10-Info.plist */,
				0FFA200C155557ED0084CC30 /* InfoPlist.strings */,
				0FFA200F155557ED0084CC30 /* main.m */,
				0FFA2011155557ED0084CC30 /* May10-Prefix.pch */,
			);
			name = "Supporting Files";
			sourceTree = "<group>";
		};
/* End PBXGroup section */

/* Begin PBXNativeTarget section */
		0FFA1FFE155557ED0084CC30 /* May10 */ = {
			isa = PBXNativeTarget;
			buildConfigurationList = 0FFA2017155557ED0084CC30 /* Build configuration list for PBXNativeTarget "May10" */;
			buildPhases = (
				0FFA1FFB155557ED0084CC30 /* Sources */,
				0FFA1FFC155557ED0084CC30 /* Frameworks */,
				0FFA1FFD155557ED0084CC30 /* Resources */,
			);
			buildRules = (
			);
			dependencies = (
			);
			name = May10;
			productName = May10;
			productReference = 0FFA1FFF155557ED0084CC30 /* May10.app */;
			productType = "com.apple.product-type.application";
		};
/* End PBXNativeTarget section */

/* Begin PBXProject section */
		0FFA1FF6155557ED0084CC30 /* Project object */ = {
			isa = PBXProject;
			attributes = {
				CLASSPREFIX = May10;
				LastUpgradeCheck = 0430;
			};
			buildConfigurationList = 0FFA1FF9155557ED0084CC30 /* Build configuration list for PBXProject "May10" */;
			compatibilityVersion = "Xcode 3.2";
			developmentRegion = English;
			hasScannedForEncodings = 0;
			knownRegions = (
				en,
			);
			mainGroup = 0FFA1FF4155557ED0084CC30;
			productRefGroup = 0FFA2000155557ED0084CC30 /* Products */;
			projectDirPath = "";
			projectRoot = "";
			targets = (
				0FFA1FFE155557ED0084CC30 /* May10 */,
			);
		};
/* End PBXProject section */

/* Begin PBXResourcesBuildPhase section */
		0FFA1FFD155557ED0084CC30 /* Resources */ = {
			isa = PBXResourcesBuildPhase;
			buildActionMask = 2147483647;
			files = (
				0FFA200E155557ED0084CC30 /* InfoPlist.strings in Resources */,
				0F89B28D155ACB71001754A8 /* movies.png in Resources */,
				0F89B28F155ACBA5001754A8 /* tv.png in Resources */,
				0F89B291155ACBDA001754A8 /* music.png in Resources */,
				0F89B293155ACC12001754A8 /* book.png in Resources */,
				0F89B299155ACD24001754A8 /* theatre.png in Resources */,
				0F456DC4155B466300B78C28 /* nedry.gif in Resources */,
				0F456DC9155B481600B78C28 /* correctamundo.jpg in Resources */,
				0F456DDE155B75C700B78C28 /* avenueq.jpg in Resources */,
				0F456DE1155B7EE100B78C28 /* spring-awakening.jpg in Resources */,
				0F456DE2155B7EE100B78C28 /* wicked.jpg in Resources */,
				0F456DE4155B830D00B78C28 /* philadelphia.jpg in Resources */,
				0F456DEC155B8B8500B78C28 /* quiz.png in Resources */,
			);
			runOnlyForDeploymentPostprocessing = 0;
		};
/* End PBXResourcesBuildPhase section */

/* Begin PBXSourcesBuildPhase section */
		0FFA1FFB155557ED0084CC30 /* Sources */ = {
			isa = PBXSourcesBuildPhase;
			buildActionMask = 2147483647;
			files = (
				0FFA2010155557ED0084CC30 /* main.m in Sources */,
				0FFA2014155557ED0084CC30 /* May10AppDelegate.m in Sources */,
				0FF8E49E155B0CC3002C37A3 /* MovieViewController.m in Sources */,
				0FF8E4A1155B0D91002C37A3 /* MovieView.m in Sources */,
				0FF8E4A4155B0F8F002C37A3 /* MusicViewController.m in Sources */,
				0FF8E4A7155B0FE2002C37A3 /* MusicView.m in Sources */,
				0FF8E4AA155B23FD002C37A3 /* MusicAnswerView.m in Sources */,
				0F456DCE155B527900B78C28 /* MusicAnswers.m in Sources */,
				0F456DD3155B5DF100B78C28 /* TheatreViewController.m in Sources */,
				0F456DD6155B5E9200B78C28 /* TheatreView.m in Sources */,
				0F456DDC155B739F00B78C28 /* TheatreResultView.m in Sources */,
				0F456DE7155B848100B78C28 /* HelpViewController.m in Sources */,
				0F456DEA155B84D100B78C28 /* HelpView.m in Sources */,
			);
			runOnlyForDeploymentPostprocessing = 0;
		};
/* End PBXSourcesBuildPhase section */

/* Begin PBXVariantGroup section */
		0FFA200C155557ED0084CC30 /* InfoPlist.strings */ = {
			isa = PBXVariantGroup;
			children = (
				0FFA200D155557ED0084CC30 /* en */,
			);
			name = InfoPlist.strings;
			sourceTree = "<group>";
		};
/* End PBXVariantGroup section */

/* Begin XCBuildConfiguration section */
		0FFA2015155557ED0084CC30 /* Debug */ = {
			isa = XCBuildConfiguration;
			buildSettings = {
				ALWAYS_SEARCH_USER_PATHS = NO;
				ARCHS = "$(ARCHS_STANDARD_32_BIT)";
				CLANG_ENABLE_OBJC_ARC = YES;
				"CODE_SIGN_IDENTITY[sdk=iphoneos*]" = "iPhone Developer";
				COPY_PHASE_STRIP = NO;
				GCC_C_LANGUAGE_STANDARD = gnu99;
				GCC_DYNAMIC_NO_PIC = NO;
				GCC_OPTIMIZATION_LEVEL = 0;
				GCC_PREPROCESSOR_DEFINITIONS = (
					"DEBUG=1",
					"$(inherited)",
				);
				GCC_SYMBOLS_PRIVATE_EXTERN = NO;
				GCC_VERSION = com.apple.compilers.llvm.clang.1_0;
				GCC_WARN_ABOUT_RETURN_TYPE = YES;
				GCC_WARN_UNINITIALIZED_AUTOS = YES;
				GCC_WARN_UNUSED_VARIABLE = YES;
				IPHONEOS_DEPLOYMENT_TARGET = 5.1;
				SDKROOT = iphoneos;
			};
			name = Debug;
		};
		0FFA2016155557ED0084CC30 /* Release */ = {
			isa = XCBuildConfiguration;
			buildSettings = {
				ALWAYS_SEARCH_USER_PATHS = NO;
				ARCHS = "$(ARCHS_STANDARD_32_BIT)";
				CLANG_ENABLE_OBJC_ARC = YES;
				"CODE_SIGN_IDENTITY[sdk=iphoneos*]" = "iPhone Developer";
				COPY_PHASE_STRIP = YES;
				GCC_C_LANGUAGE_STANDARD = gnu99;
				GCC_VERSION = com.apple.compilers.llvm.clang.1_0;
				GCC_WARN_ABOUT_RETURN_TYPE = YES;
				GCC_WARN_UNINITIALIZED_AUTOS = YES;
				GCC_WARN_UNUSED_VARIABLE = YES;
				IPHONEOS_DEPLOYMENT_TARGET = 5.1;
				OTHER_CFLAGS = "-DNS_BLOCK_ASSERTIONS=1";
				SDKROOT = iphoneos;
				VALIDATE_PRODUCT = YES;
			};
			name = Release;
		};
		0FFA2018155557ED0084CC30 /* Debug */ = {
			isa = XCBuildConfiguration;
			buildSettings = {
				GCC_PRECOMPILE_PREFIX_HEADER = YES;
				GCC_PREFIX_HEADER = "May10/May10-Prefix.pch";
				INFOPLIST_FILE = "May10/May10-Info.plist";
				PRODUCT_NAME = "$(TARGET_NAME)";
				WRAPPER_EXTENSION = app;
			};
			name = Debug;
		};
		0FFA2019155557ED0084CC30 /* Release */ = {
			isa = XCBuildConfiguration;
			buildSettings = {
				GCC_PRECOMPILE_PREFIX_HEADER = YES;
				GCC_PREFIX_HEADER = "May10/May10-Prefix.pch";
				INFOPLIST_FILE = "May10/May10-Info.plist";
				PRODUCT_NAME = "$(TARGET_NAME)";
				WRAPPER_EXTENSION = app;
			};
			name = Release;
		};
/* End XCBuildConfiguration section */

/* Begin XCConfigurationList section */
		0FFA1FF9155557ED0084CC30 /* Build configuration list for PBXProject "May10" */ = {
			isa = XCConfigurationList;
			buildConfigurations = (
				0FFA2015155557ED0084CC30 /* Debug */,
				0FFA2016155557ED0084CC30 /* Release */,
			);
			defaultConfigurationIsVisible = 0;
			defaultConfigurationName = Release;
		};
		0FFA2017155557ED0084CC30 /* Build configuration list for PBXNativeTarget "May10" */ = {
			isa = XCConfigurationList;
			buildConfigurations = (
				0FFA2018155557ED0084CC30 /* Debug */,
				0FFA2019155557ED0084CC30 /* Release */,
			);
			defaultConfigurationIsVisible = 0;
			defaultConfigurationName = Release;
		};
/* End XCConfigurationList section */
	};
	rootObject = 0FFA1FF6155557ED0084CC30 /* Project object */;
}
