// !$*UTF8*$!
{
	archiveVersion = 1;
	classes = {
	};
	objectVersion = 46;
	objects = {

/* Begin PBXBuildFile section */
		0FFA2004155557ED0084CC30 /* UIKit.framework in Frameworks */ = {isa = PBXBuildFile; fileRef = 0FFA2003155557ED0084CC30 /* UIKit.framework */; };
		0FFA2006155557ED0084CC30 /* Foundation.framework in Frameworks */ = {isa = PBXBuildFile; fileRef = 0FFA2005155557ED0084CC30 /* Foundation.framework */; };
		0FFA2008155557ED0084CC30 /* CoreGraphics.framework in Frameworks */ = {isa = PBXBuildFile; fileRef = 0FFA2007155557ED0084CC30 /* CoreGraphics.framework */; };
		0FFA200E155557ED0084CC30 /* InfoPlist.strings in Resources */ = {isa = PBXBuildFile; fileRef = 0FFA200C155557ED0084CC30 /* InfoPlist.strings */; };
		0FFA2010155557ED0084CC30 /* main.m in Sources */ = {isa = PBXBuildFile; fileRef = 0FFA200F155557ED0084CC30 /* main.m */; };
		0FFA2014155557ED0084CC30 /* May10AppDelegate.m in Sources */ = {isa = PBXBuildFile; fileRef = 0FFA2013155557ED0084CC30 /* May10AppDelegate.m */; };
		0FFA201C155560B10084CC30 /* ViewController.m in Sources */ = {isa = PBXBuildFile; fileRef = 0FFA201B155560B10084CC30 /* ViewController.m */; };
		0FFA201F155563410084CC30 /* View.m in Sources */ = {isa = PBXBuildFile; fileRef = 0FFA201E155563410084CC30 /* View.m */; };
		0FFA2024155565A50084CC30 /* bronx.png in Resources */ = {isa = PBXBuildFile; fileRef = 0FFA2020155565A50084CC30 /* bronx.png */; };
		0FFA2025155565A50084CC30 /* brooklyn.png in Resources */ = {isa = PBXBuildFile; fileRef = 0FFA2021155565A50084CC30 /* brooklyn.png */; };
		0FFA2026155565A50084CC30 /* manhattan.png in Resources */ = {isa = PBXBuildFile; fileRef = 0FFA2022155565A50084CC30 /* manhattan.png */; };
		0FFA2027155565A50084CC30 /* queens.png in Resources */ = {isa = PBXBuildFile; fileRef = 0FFA2023155565A50084CC30 /* queens.png */; };
		0FFA203915556B930084CC30 /* moneyorder.png in Resources */ = {isa = PBXBuildFile; fileRef = 0FFA203815556B930084CC30 /* moneyorder.png */; };
/* End PBXBuildFile section */

/* Begin PBXFileReference section */
		0FFA1FFF155557ED0084CC30 /* May10.app */ = {isa = PBXFileReference; explicitFileType = wrapper.application; includeInIndex = 0; path = May10.app; sourceTree = BUILT_PRODUCTS_DIR; };
		0FFA2003155557ED0084CC30 /* UIKit.framework */ = {isa = PBXFileReference; lastKnownFileType = wrapper.framework; name = UIKit.framework; path = System/Library/Frameworks/UIKit.framework; sourceTree = SDKROOT; };
		0FFA2005155557ED0084CC30 /* Foundation.framework */ = {isa = PBXFileReference; lastKnownFileType = wrapper.framework; name = Foundation.framework; path = System/Library/Frameworks/Foundation.framework; sourceTree = SDKROOT; };
		0FFA2007155557ED0084CC30 /* CoreGraphics.framework */ = {isa = PBXFileReference; lastKnownFileType = wrapper.framework; name = CoreGraphics.framework; path = System/Library/Frameworks/CoreGraphics.framework; sourceTree = SDKROOT; };
		0FFA200B155557ED0084CC30 /* May10-Info.plist */ = {isa = PBXFileReference; lastKnownFileType = text.plist.xml; path = "May10-Info.plist"; sourceTree = "<group>"; };
		0FFA200D155557ED0084CC30 /* en */ = {isa = PBXFileReference; lastKnownFileType = text.plist.strings; name = en; path = en.lproj/InfoPlist.strings; sourceTree = "<group>"; };
		0FFA200F155557ED0084CC30 /* main.m */ = {isa = PBXFileReference; lastKnownFileType = sourcecode.c.objc; path = main.m; sourceTree = "<group>"; };
		0FFA2011155557ED0084CC30 /* May10-Prefix.pch */ = {isa = PBXFileReference; lastKnownFileType = sourcecode.c.h; path = "May10-Prefix.pch"; sourceTree = "<group>"; };
		0FFA2012155557ED0084CC30 /* May10AppDelegate.h */ = {isa = PBXFileReference; lastKnownFileType = sourcecode.c.h; path = May10AppDelegate.h; sourceTree = "<group>"; };
		0FFA2013155557ED0084CC30 /* May10AppDelegate.m */ = {isa = PBXFileReference; lastKnownFileType = sourcecode.c.objc; path = May10AppDelegate.m; sourceTree = "<group>"; };
		0FFA201A155560B10084CC30 /* ViewController.h */ = {isa = PBXFileReference; fileEncoding = 4; lastKnownFileType = sourcecode.c.h; path = ViewController.h; sourceTree = "<group>"; };
		0FFA201B155560B10084CC30 /* ViewController.m */ = {isa = PBXFileReference; fileEncoding = 4; lastKnownFileType = sourcecode.c.objc; path = ViewController.m; sourceTree = "<group>"; };
		0FFA201D155563410084CC30 /* View.h */ = {isa = PBXFileReference; fileEncoding = 4; lastKnownFileType = sourcecode.c.h; path = View.h; sourceTree = "<group>"; };
		0FFA201E155563410084CC30 /* View.m */ = {isa = PBXFileReference; fileEncoding = 4; lastKnownFileType = sourcecode.c.objc; path = View.m; sourceTree = "<group>"; };
		0FFA2020155565A50084CC30 /* bronx.png */ = {isa = PBXFileReference; lastKnownFileType = image.png; name = bronx.png; path = ../bronx.png; sourceTree = "<group>"; };
		0FFA2021155565A50084CC30 /* brooklyn.png */ = {isa = PBXFileReference; lastKnownFileType = image.png; name = brooklyn.png; path = ../brooklyn.png; sourceTree = "<group>"; };
		0FFA2022155565A50084CC30 /* manhattan.png */ = {isa = PBXFileReference; lastKnownFileType = image.png; name = manhattan.png; path = ../manhattan.png; sourceTree = "<group>"; };
		0FFA2023155565A50084CC30 /* queens.png */ = {isa = PBXFileReference; lastKnownFileType = image.png; name = queens.png; path = ../queens.png; sourceTree = "<group>"; };
		0FFA203815556B930084CC30 /* moneyorder.png */ = {isa = PBXFileReference; lastKnownFileType = image.png; path = moneyorder.png; sourceTree = SOURCE_ROOT; };
/* End PBXFileReference section */

/* Begin PBXFrameworksBuildPhase section */
		0FFA1FFC155557ED0084CC30 /* Frameworks */ = {
			isa = PBXFrameworksBuildPhase;
			buildActionMask = 2147483647;
			files = (
				0FFA2004155557ED0084CC30 /* UIKit.framework in Frameworks */,
				0FFA2006155557ED0084CC30 /* Foundation.framework in Frameworks */,
				0FFA2008155557ED0084CC30 /* CoreGraphics.framework in Frameworks */,
			);
			runOnlyForDeploymentPostprocessing = 0;
		};
/* End PBXFrameworksBuildPhase section */

/* Begin PBXGroup section */
		0FFA1FF4155557ED0084CC30 = {
			isa = PBXGroup;
			children = (
				0FFA2009155557ED0084CC30 /* May10 */,
				0FFA2002155557ED0084CC30 /* Frameworks */,
				0FFA2000155557ED0084CC30 /* Products */,
			);
			sourceTree = "<group>";
		};
		0FFA2000155557ED0084CC30 /* Products */ = {
			isa = PBXGroup;
			children = (
				0FFA1FFF155557ED0084CC30 /* May10.app */,
			);
			name = Products;
			sourceTree = "<group>";
		};
		0FFA2002155557ED0084CC30 /* Frameworks */ = {
			isa = PBXGroup;
			children = (
				0FFA2003155557ED0084CC30 /* UIKit.framework */,
				0FFA2005155557ED0084CC30 /* Foundation.framework */,
				0FFA2007155557ED0084CC30 /* CoreGraphics.framework */,
			);
			name = Frameworks;
			sourceTree = "<group>";
		};
		0FFA2009155557ED0084CC30 /* May10 */ = {
			isa = PBXGroup;
			children = (
				0FFA203815556B930084CC30 /* moneyorder.png */,
				0FFA2012155557ED0084CC30 /* May10AppDelegate.h */,
				0FFA2013155557ED0084CC30 /* May10AppDelegate.m */,
				0FFA201A155560B10084CC30 /* ViewController.h */,
				0FFA201B155560B10084CC30 /* ViewController.m */,
				0FFA201D155563410084CC30 /* View.h */,
				0FFA201E155563410084CC30 /* View.m */,
				0FFA200A155557ED0084CC30 /* Supporting Files */,
			);
			path = May10;
			sourceTree = "<group>";
		};
		0FFA200A155557ED0084CC30 /* Supporting Files */ = {
			isa = PBXGroup;
			children = (
				0FFA2020155565A50084CC30 /* bronx.png */,
				0FFA2021155565A50084CC30 /* brooklyn.png */,
				0FFA2022155565A50084CC30 /* manhattan.png */,
				0FFA2023155565A50084CC30 /* queens.png */,
				0FFA200B155557ED0084CC30 /* May10-Info.plist */,
				0FFA200C155557ED0084CC30 /* InfoPlist.strings */,
				0FFA200F155557ED0084CC30 /* main.m */,
				0FFA2011155557ED0084CC30 /* May10-Prefix.pch */,
			);
			name = "Supporting Files";
			sourceTree = "<group>";
		};
/* End PBXGroup section */

/* Begin PBXNativeTarget section */
		0FFA1FFE155557ED0084CC30 /* May10 */ = {
			isa = PBXNativeTarget;
			buildConfigurationList = 0FFA2017155557ED0084CC30 /* Build configuration list for PBXNativeTarget "May10" */;
			buildPhases = (
				0FFA1FFB155557ED0084CC30 /* Sources */,
				0FFA1FFC155557ED0084CC30 /* Frameworks */,
				0FFA1FFD155557ED0084CC30 /* Resources */,
			);
			buildRules = (
			);
			dependencies = (
			);
			name = May10;
			productName = May10;
			productReference = 0FFA1FFF155557ED0084CC30 /* May10.app */;
			productType = "com.apple.product-type.application";
		};
/* End PBXNativeTarget section */

/* Begin PBXProject section */
		0FFA1FF6155557ED0084CC30 /* Project object */ = {
			isa = PBXProject;
			attributes = {
				CLASSPREFIX = May10;
				LastUpgradeCheck = 0430;
			};
			buildConfigurationList = 0FFA1FF9155557ED0084CC30 /* Build configuration list for PBXProject "May10" */;
			compatibilityVersion = "Xcode 3.2";
			developmentRegion = English;
			hasScannedForEncodings = 0;
			knownRegions = (
				en,
			);
			mainGroup = 0FFA1FF4155557ED0084CC30;
			productRefGroup = 0FFA2000155557ED0084CC30 /* Products */;
			projectDirPath = "";
			projectRoot = "";
			targets = (
				0FFA1FFE155557ED0084CC30 /* May10 */,
			);
		};
/* End PBXProject section */

/* Begin PBXResourcesBuildPhase section */
		0FFA1FFD155557ED0084CC30 /* Resources */ = {
			isa = PBXResourcesBuildPhase;
			buildActionMask = 2147483647;
			files = (
				0FFA200E155557ED0084CC30 /* InfoPlist.strings in Resources */,
				0FFA2024155565A50084CC30 /* bronx.png in Resources */,
				0FFA2025155565A50084CC30 /* brooklyn.png in Resources */,
				0FFA2026155565A50084CC30 /* manhattan.png in Resources */,
				0FFA2027155565A50084CC30 /* queens.png in Resources */,
				0FFA203915556B930084CC30 /* moneyorder.png in Resources */,
			);
			runOnlyForDeploymentPostprocessing = 0;
		};
/* End PBXResourcesBuildPhase section */

/* Begin PBXSourcesBuildPhase section */
		0FFA1FFB155557ED0084CC30 /* Sources */ = {
			isa = PBXSourcesBuildPhase;
			buildActionMask = 2147483647;
			files = (
				0FFA2010155557ED0084CC30 /* main.m in Sources */,
				0FFA2014155557ED0084CC30 /* May10AppDelegate.m in Sources */,
				0FFA201C155560B10084CC30 /* ViewController.m in Sources */,
				0FFA201F155563410084CC30 /* View.m in Sources */,
			);
			runOnlyForDeploymentPostprocessing = 0;
		};
/* End PBXSourcesBuildPhase section */

/* Begin PBXVariantGroup section */
		0FFA200C155557ED0084CC30 /* InfoPlist.strings */ = {
			isa = PBXVariantGroup;
			children = (
				0FFA200D155557ED0084CC30 /* en */,
			);
			name = InfoPlist.strings;
			sourceTree = "<group>";
		};
/* End PBXVariantGroup section */

/* Begin XCBuildConfiguration section */
		0FFA2015155557ED0084CC30 /* Debug */ = {
			isa = XCBuildConfiguration;
			buildSettings = {
				ALWAYS_SEARCH_USER_PATHS = NO;
				ARCHS = "$(ARCHS_STANDARD_32_BIT)";
				CLANG_ENABLE_OBJC_ARC = YES;
				"CODE_SIGN_IDENTITY[sdk=iphoneos*]" = "iPhone Developer";
				COPY_PHASE_STRIP = NO;
				GCC_C_LANGUAGE_STANDARD = gnu99;
				GCC_DYNAMIC_NO_PIC = NO;
				GCC_OPTIMIZATION_LEVEL = 0;
				GCC_PREPROCESSOR_DEFINITIONS = (
					"DEBUG=1",
					"$(inherited)",
				);
				GCC_SYMBOLS_PRIVATE_EXTERN = NO;
				GCC_VERSION = com.apple.compilers.llvm.clang.1_0;
				GCC_WARN_ABOUT_RETURN_TYPE = YES;
				GCC_WARN_UNINITIALIZED_AUTOS = YES;
				GCC_WARN_UNUSED_VARIABLE = YES;
				IPHONEOS_DEPLOYMENT_TARGET = 5.1;
				SDKROOT = iphoneos;
			};
			name = Debug;
		};
		0FFA2016155557ED0084CC30 /* Release */ = {
			isa = XCBuildConfiguration;
			buildSettings = {
				ALWAYS_SEARCH_USER_PATHS = NO;
				ARCHS = "$(ARCHS_STANDARD_32_BIT)";
				CLANG_ENABLE_OBJC_ARC = YES;
				"CODE_SIGN_IDENTITY[sdk=iphoneos*]" = "iPhone Developer";
				COPY_PHASE_STRIP = YES;
				GCC_C_LANGUAGE_STANDARD = gnu99;
				GCC_VERSION = com.apple.compilers.llvm.clang.1_0;
				GCC_WARN_ABOUT_RETURN_TYPE = YES;
				GCC_WARN_UNINITIALIZED_AUTOS = YES;
				GCC_WARN_UNUSED_VARIABLE = YES;
				IPHONEOS_DEPLOYMENT_TARGET = 5.1;
				OTHER_CFLAGS = "-DNS_BLOCK_ASSERTIONS=1";
				SDKROOT = iphoneos;
				VALIDATE_PRODUCT = YES;
			};
			name = Release;
		};
		0FFA2018155557ED0084CC30 /* Debug */ = {
			isa = XCBuildConfiguration;
			buildSettings = {
				GCC_PRECOMPILE_PREFIX_HEADER = YES;
				GCC_PREFIX_HEADER = "May10/May10-Prefix.pch";
				INFOPLIST_FILE = "May10/May10-Info.plist";
				PRODUCT_NAME = "$(TARGET_NAME)";
				WRAPPER_EXTENSION = app;
			};
			name = Debug;
		};
		0FFA2019155557ED0084CC30 /* Release */ = {
			isa = XCBuildConfiguration;
			buildSettings = {
				GCC_PRECOMPILE_PREFIX_HEADER = YES;
				GCC_PREFIX_HEADER = "May10/May10-Prefix.pch";
				INFOPLIST_FILE = "May10/May10-Info.plist";
				PRODUCT_NAME = "$(TARGET_NAME)";
				WRAPPER_EXTENSION = app;
			};
			name = Release;
		};
/* End XCBuildConfiguration section */

/* Begin XCConfigurationList section */
		0FFA1FF9155557ED0084CC30 /* Build configuration list for PBXProject "May10" */ = {
			isa = XCConfigurationList;
			buildConfigurations = (
				0FFA2015155557ED0084CC30 /* Debug */,
				0FFA2016155557ED0084CC30 /* Release */,
			);
			defaultConfigurationIsVisible = 0;
			defaultConfigurationName = Release;
		};
		0FFA2017155557ED0084CC30 /* Build configuration list for PBXNativeTarget "May10" */ = {
			isa = XCConfigurationList;
			buildConfigurations = (
				0FFA2018155557ED0084CC30 /* Debug */,
				0FFA2019155557ED0084CC30 /* Release */,
			);
			defaultConfigurationIsVisible = 0;
		};
/* End XCConfigurationList section */
	};
	rootObject = 0FFA1FF6155557ED0084CC30 /* Project object */;
}
